{
  "object": {
    "pins": [
      {
        "package": "AnyCodable",
        "repositoryURL": "https://github.com/Flight-School/AnyCodable",
        "state": {
          "branch": null,
          "revision": "6e9610258e9f1044b5e0d88545052846448b43c3",
          "version": "0.2.3"
        }
      },
      {
        "package": "FeedKit",
        "repositoryURL": "https://github.com/nmdias/FeedKit",
        "state": {
          "branch": null,
          "revision": "2e22aeebc438f15c4a5441645f20a26a1ba9febd",
          "version": "8.1.1"
        }
      },
      {
        "package": "HTMLString",
        "repositoryURL": "https://github.com/alexaubry/HTMLString",
        "state": {
          "branch": null,
          "revision": "373048cc4084dd7481c86e3bee41612eff93b14d",
          "version": "5.0.0"
        }
      },
      {
        "package": "Regex",
        "repositoryURL": "https://github.com/sharplet/Regex",
        "state": {
          "branch": null,
          "revision": "a819aed0e9555268c29a62500fe6fb781ae7f57d",
          "version": "2.1.0"
        }
      },
      {
        "package": "SwiftSoup",
        "repositoryURL": "https://github.com/scinfu/SwiftSoup",
        "state": {
          "branch": null,
          "revision": "a2b316e9574c6904e08995290a975cb16693ac24",
          "version": "2.2.0"
        }
      }
    ]
  },
  "version": 1
}
